
Microsoft Visual Studio Solution File, Format Version 12.00
# Visual Studio Version 17
VisualStudioVersion = 17.3.32811.315
MinimumVisualStudioVersion = 10.0.40219.1
Project("{888888A0-9F3D-457C-B088-3A5042F75D52}") = "Random_Converters", "Random_Converters.pyproj", "{CE105E42-EFD3-4F49-AA72-D65829A5700E}"
EndProject
Global
	GlobalSection(SolutionConfigurationPlatforms) = preSolution
		Debug|Any CPU = Debug|Any CPU
		Release|Any CPU = Release|Any CPU
	EndGlobalSection
	GlobalSection(ProjectConfigurationPlatforms) = postSolution
		{CE105E42-EFD3-4F49-AA72-D65829A5700E}.Debug|Any CPU.ActiveCfg = Debug|Any CPU
		{CE105E42-EFD3-4F49-AA72-D65829A5700E}.Release|Any CPU.ActiveCfg = Release|Any CPU
	EndGlobalSection
	GlobalSection(SolutionProperties) = preSolution
		HideSolutionNode = FALSE
	EndGlobalSection
	GlobalSection(ExtensibilityGlobals) = postSolution
		SolutionGuid = {22D8B277-9F36-44D7-94BE-373BC1052956}
	EndGlobalSection
EndGlobal
